
Microsoft Visual Studio Solution File, Format Version 11.00
# Visual Studio 2010
Project("{FAE04EC0-301F-11D3-BF4B-00C04F79EFBC}") = "Client", "Src\Client.csproj", "{20F87D18-86C6-4C29-8BA6-BBD96F50D4B8}"
EndProject
Project("{FAE04EC0-301F-11D3-BF4B-00C04F79EFBC}") = "Common", "..\Public\Common\Common.csproj", "{288C0299-A184-4B54-9B13-783A0678B6CE}"
EndProject
Project("{FAE04EC0-301F-11D3-BF4B-00C04F79EFBC}") = "GameObjects", "..\Public\GameObjects\GameObjects.csproj", "{E280220B-7EDA-4274-B3D5-4E922D98CAAD}"
EndProject
Project("{FAE04EC0-301F-11D3-BF4B-00C04F79EFBC}") = "AiSystem", "..\Public\AiSystem\AiSystem.csproj", "{8DC8AD58-3569-4B5C-8BA4-CD8B529183E7}"
EndProject
Project("{FAE04EC0-301F-11D3-BF4B-00C04F79EFBC}") = "SpatialSystem", "..\Public\SpatialSystem\SpatialSystem.csproj", "{A7243F97-5FC1-4327-81CC-C76C94721D7A}"
EndProject
Project("{FAE04EC0-301F-11D3-BF4B-00C04F79EFBC}") = "ClientProtoBuf", "..\Public\ClientProtoBuf\ClientProtoBuf.csproj", "{C402FC70-3A7A-4CE2-956F-6AA1DFD5882E}"
EndProject
Project("{FAE04EC0-301F-11D3-BF4B-00C04F79EFBC}") = "GfxModule", "..\Public\GfxModule\GfxModule.csproj", "{1D189A69-795E-4BDE-B41C-194A3F2386C8}"
EndProject
Project("{FAE04EC0-301F-11D3-BF4B-00C04F79EFBC}") = "GfxLogicBridge", "..\Public\GfxLogicBridge\GfxLogicBridge.csproj", "{145EED2B-D9C7-40D3-B0E4-4CC5B41BEFDC}"
EndProject
Project("{FAE04EC0-301F-11D3-BF4B-00C04F79EFBC}") = "ScriptableData", "..\Public\ScriptableData\ScriptableData.csproj", "{4295C1B7-D43F-4E38-85AD-33623489FBBE}"
EndProject
Project("{FAE04EC0-301F-11D3-BF4B-00C04F79EFBC}") = "ImpactSystem", "..\Public\ImpactSystem\ImpactSystem.csproj", "{BDB1B8F1-DA39-4A15-8054-EAC15D15C12F}"
EndProject
Project("{FAE04EC0-301F-11D3-BF4B-00C04F79EFBC}") = "SkillSystem", "..\Public\SkillSystem\SkillSystem.csproj", "{C4C08D53-E605-43AC-AF41-22E2D907613C}"
EndProject
Project("{FAE04EC0-301F-11D3-BF4B-00C04F79EFBC}") = "StorySystem", "..\Public\StorySystem\StorySystem.csproj", "{D498E9D2-823E-4082-B1AF-727A0E9DC3D4}"
EndProject
Project("{FAE04EC0-301F-11D3-BF4B-00C04F79EFBC}") = "SceneLogic", "..\Public\SceneLogic\SceneLogic.csproj", "{3452C105-45DD-4821-BCDA-E495B7748519}"
EndProject
Project("{FAE04EC0-301F-11D3-BF4B-00C04F79EFBC}") = "TestStory", "..\UnitTest\TestStory\TestStory.csproj", "{92EEA60A-F396-4B05-B0CB-54B8BA323CB8}"
EndProject
Global
	GlobalSection(TestCaseManagementSettings) = postSolution
		CategoryFile = Client.vsmdi
	EndGlobalSection
	GlobalSection(SolutionConfigurationPlatforms) = preSolution
		Debug|Any CPU = Debug|Any CPU
		Debug|Mixed Platforms = Debug|Mixed Platforms
		Debug|x86 = Debug|x86
		Release|Any CPU = Release|Any CPU
		Release|Mixed Platforms = Release|Mixed Platforms
		Release|x86 = Release|x86
	EndGlobalSection
	GlobalSection(ProjectConfigurationPlatforms) = postSolution
		{20F87D18-86C6-4C29-8BA6-BBD96F50D4B8}.Debug|Any CPU.ActiveCfg = Debug|Any CPU
		{20F87D18-86C6-4C29-8BA6-BBD96F50D4B8}.Debug|Any CPU.Build.0 = Debug|Any CPU
		{20F87D18-86C6-4C29-8BA6-BBD96F50D4B8}.Debug|Mixed Platforms.ActiveCfg = Debug|Any CPU
		{20F87D18-86C6-4C29-8BA6-BBD96F50D4B8}.Debug|Mixed Platforms.Build.0 = Debug|Any CPU
		{20F87D18-86C6-4C29-8BA6-BBD96F50D4B8}.Debug|x86.ActiveCfg = Debug|Any CPU
		{20F87D18-86C6-4C29-8BA6-BBD96F50D4B8}.Debug|x86.Build.0 = Debug|Any CPU
		{20F87D18-86C6-4C29-8BA6-BBD96F50D4B8}.Release|Any CPU.ActiveCfg = Release|Any CPU
		{20F87D18-86C6-4C29-8BA6-BBD96F50D4B8}.Release|Any CPU.Build.0 = Release|Any CPU
		{20F87D18-86C6-4C29-8BA6-BBD96F50D4B8}.Release|Mixed Platforms.ActiveCfg = Release|Any CPU
		{20F87D18-86C6-4C29-8BA6-BBD96F50D4B8}.Release|Mixed Platforms.Build.0 = Release|Any CPU
		{20F87D18-86C6-4C29-8BA6-BBD96F50D4B8}.Release|x86.ActiveCfg = Release|Any CPU
		{20F87D18-86C6-4C29-8BA6-BBD96F50D4B8}.Release|x86.Build.0 = Release|Any CPU
		{288C0299-A184-4B54-9B13-783A0678B6CE}.Debug|Any CPU.ActiveCfg = Debug|Any CPU
		{288C0299-A184-4B54-9B13-783A0678B6CE}.Debug|Any CPU.Build.0 = Debug|Any CPU
		{288C0299-A184-4B54-9B13-783A0678B6CE}.Debug|Mixed Platforms.ActiveCfg = Debug|Any CPU
		{288C0299-A184-4B54-9B13-783A0678B6CE}.Debug|Mixed Platforms.Build.0 = Debug|Any CPU
		{288C0299-A184-4B54-9B13-783A0678B6CE}.Debug|x86.ActiveCfg = Debug|Any CPU
		{288C0299-A184-4B54-9B13-783A0678B6CE}.Debug|x86.Build.0 = Debug|Any CPU
		{288C0299-A184-4B54-9B13-783A0678B6CE}.Release|Any CPU.ActiveCfg = Release|Any CPU
		{288C0299-A184-4B54-9B13-783A0678B6CE}.Release|Any CPU.Build.0 = Release|Any CPU
		{288C0299-A184-4B54-9B13-783A0678B6CE}.Release|Mixed Platforms.ActiveCfg = Release|Any CPU
		{288C0299-A184-4B54-9B13-783A0678B6CE}.Release|Mixed Platforms.Build.0 = Release|Any CPU
		{288C0299-A184-4B54-9B13-783A0678B6CE}.Release|x86.ActiveCfg = Release|Any CPU
		{288C0299-A184-4B54-9B13-783A0678B6CE}.Release|x86.Build.0 = Release|Any CPU
		{E280220B-7EDA-4274-B3D5-4E922D98CAAD}.Debug|Any CPU.ActiveCfg = Debug|Any CPU
		{E280220B-7EDA-4274-B3D5-4E922D98CAAD}.Debug|Any CPU.Build.0 = Debug|Any CPU
		{E280220B-7EDA-4274-B3D5-4E922D98CAAD}.Debug|Mixed Platforms.ActiveCfg = Debug|Any CPU
		{E280220B-7EDA-4274-B3D5-4E922D98CAAD}.Debug|Mixed Platforms.Build.0 = Debug|Any CPU
		{E280220B-7EDA-4274-B3D5-4E922D98CAAD}.Debug|x86.ActiveCfg = Debug|Any CPU
		{E280220B-7EDA-4274-B3D5-4E922D98CAAD}.Debug|x86.Build.0 = Debug|Any CPU
		{E280220B-7EDA-4274-B3D5-4E922D98CAAD}.Release|Any CPU.ActiveCfg = Release|Any CPU
		{E280220B-7EDA-4274-B3D5-4E922D98CAAD}.Release|Any CPU.Build.0 = Release|Any CPU
		{E280220B-7EDA-4274-B3D5-4E922D98CAAD}.Release|Mixed Platforms.ActiveCfg = Release|Any CPU
		{E280220B-7EDA-4274-B3D5-4E922D98CAAD}.Release|Mixed Platforms.Build.0 = Release|Any CPU
		{E280220B-7EDA-4274-B3D5-4E922D98CAAD}.Release|x86.ActiveCfg = Release|Any CPU
		{E280220B-7EDA-4274-B3D5-4E922D98CAAD}.Release|x86.Build.0 = Release|Any CPU
		{8DC8AD58-3569-4B5C-8BA4-CD8B529183E7}.Debug|Any CPU.ActiveCfg = Debug|Any CPU
		{8DC8AD58-3569-4B5C-8BA4-CD8B529183E7}.Debug|Any CPU.Build.0 = Debug|Any CPU
		{8DC8AD58-3569-4B5C-8BA4-CD8B529183E7}.Debug|Mixed Platforms.ActiveCfg = Debug|Any CPU
		{8DC8AD58-3569-4B5C-8BA4-CD8B529183E7}.Debug|Mixed Platforms.Build.0 = Debug|Any CPU
		{8DC8AD58-3569-4B5C-8BA4-CD8B529183E7}.Debug|x86.ActiveCfg = Debug|Any CPU
		{8DC8AD58-3569-4B5C-8BA4-CD8B529183E7}.Debug|x86.Build.0 = Debug|Any CPU
		{8DC8AD58-3569-4B5C-8BA4-CD8B529183E7}.Release|Any CPU.ActiveCfg = Release|Any CPU
		{8DC8AD58-3569-4B5C-8BA4-CD8B529183E7}.Release|Any CPU.Build.0 = Release|Any CPU
		{8DC8AD58-3569-4B5C-8BA4-CD8B529183E7}.Release|Mixed Platforms.ActiveCfg = Release|Any CPU
		{8DC8AD58-3569-4B5C-8BA4-CD8B529183E7}.Release|Mixed Platforms.Build.0 = Release|Any CPU
		{8DC8AD58-3569-4B5C-8BA4-CD8B529183E7}.Release|x86.ActiveCfg = Release|Any CPU
		{8DC8AD58-3569-4B5C-8BA4-CD8B529183E7}.Release|x86.Build.0 = Release|Any CPU
		{A7243F97-5FC1-4327-81CC-C76C94721D7A}.Debug|Any CPU.ActiveCfg = Debug|Any CPU
		{A7243F97-5FC1-4327-81CC-C76C94721D7A}.Debug|Any CPU.Build.0 = Debug|Any CPU
		{A7243F97-5FC1-4327-81CC-C76C94721D7A}.Debug|Mixed Platforms.ActiveCfg = Debug|Any CPU
		{A7243F97-5FC1-4327-81CC-C76C94721D7A}.Debug|Mixed Platforms.Build.0 = Debug|Any CPU
		{A7243F97-5FC1-4327-81CC-C76C94721D7A}.Debug|x86.ActiveCfg = Debug|Any CPU
		{A7243F97-5FC1-4327-81CC-C76C94721D7A}.Debug|x86.Build.0 = Debug|Any CPU
		{A7243F97-5FC1-4327-81CC-C76C94721D7A}.Release|Any CPU.ActiveCfg = Release|Any CPU
		{A7243F97-5FC1-4327-81CC-C76C94721D7A}.Release|Any CPU.Build.0 = Release|Any CPU
		{A7243F97-5FC1-4327-81CC-C76C94721D7A}.Release|Mixed Platforms.ActiveCfg = Release|Any CPU
		{A7243F97-5FC1-4327-81CC-C76C94721D7A}.Release|Mixed Platforms.Build.0 = Release|Any CPU
		{A7243F97-5FC1-4327-81CC-C76C94721D7A}.Release|x86.ActiveCfg = Release|Any CPU
		{A7243F97-5FC1-4327-81CC-C76C94721D7A}.Release|x86.Build.0 = Release|Any CPU
		{C402FC70-3A7A-4CE2-956F-6AA1DFD5882E}.Debug|Any CPU.ActiveCfg = Debug|Any CPU
		{C402FC70-3A7A-4CE2-956F-6AA1DFD5882E}.Debug|Any CPU.Build.0 = Debug|Any CPU
		{C402FC70-3A7A-4CE2-956F-6AA1DFD5882E}.Debug|Mixed Platforms.ActiveCfg = Debug|Any CPU
		{C402FC70-3A7A-4CE2-956F-6AA1DFD5882E}.Debug|Mixed Platforms.Build.0 = Debug|Any CPU
		{C402FC70-3A7A-4CE2-956F-6AA1DFD5882E}.Debug|x86.ActiveCfg = Debug|Any CPU
		{C402FC70-3A7A-4CE2-956F-6AA1DFD5882E}.Release|Any CPU.ActiveCfg = Release|Any CPU
		{C402FC70-3A7A-4CE2-956F-6AA1DFD5882E}.Release|Any CPU.Build.0 = Release|Any CPU
		{C402FC70-3A7A-4CE2-956F-6AA1DFD5882E}.Release|Mixed Platforms.ActiveCfg = Release|Any CPU
		{C402FC70-3A7A-4CE2-956F-6AA1DFD5882E}.Release|Mixed Platforms.Build.0 = Release|Any CPU
		{C402FC70-3A7A-4CE2-956F-6AA1DFD5882E}.Release|x86.ActiveCfg = Release|Any CPU
		{1D189A69-795E-4BDE-B41C-194A3F2386C8}.Debug|Any CPU.ActiveCfg = Debug|Any CPU
		{1D189A69-795E-4BDE-B41C-194A3F2386C8}.Debug|Any CPU.Build.0 = Debug|Any CPU
		{1D189A69-795E-4BDE-B41C-194A3F2386C8}.Debug|Mixed Platforms.ActiveCfg = Debug|Any CPU
		{1D189A69-795E-4BDE-B41C-194A3F2386C8}.Debug|Mixed Platforms.Build.0 = Debug|Any CPU
		{1D189A69-795E-4BDE-B41C-194A3F2386C8}.Debug|x86.ActiveCfg = Debug|Any CPU
		{1D189A69-795E-4BDE-B41C-194A3F2386C8}.Release|Any CPU.ActiveCfg = Release|Any CPU
		{1D189A69-795E-4BDE-B41C-194A3F2386C8}.Release|Any CPU.Build.0 = Release|Any CPU
		{1D189A69-795E-4BDE-B41C-194A3F2386C8}.Release|Mixed Platforms.ActiveCfg = Release|Any CPU
		{1D189A69-795E-4BDE-B41C-194A3F2386C8}.Release|Mixed Platforms.Build.0 = Release|Any CPU
		{1D189A69-795E-4BDE-B41C-194A3F2386C8}.Release|x86.ActiveCfg = Release|Any CPU
		{145EED2B-D9C7-40D3-B0E4-4CC5B41BEFDC}.Debug|Any CPU.ActiveCfg = Debug|x86
		{145EED2B-D9C7-40D3-B0E4-4CC5B41BEFDC}.Debug|Mixed Platforms.ActiveCfg = Debug|x86
		{145EED2B-D9C7-40D3-B0E4-4CC5B41BEFDC}.Debug|Mixed Platforms.Build.0 = Debug|x86
		{145EED2B-D9C7-40D3-B0E4-4CC5B41BEFDC}.Debug|x86.ActiveCfg = Debug|x86
		{145EED2B-D9C7-40D3-B0E4-4CC5B41BEFDC}.Debug|x86.Build.0 = Debug|x86
		{145EED2B-D9C7-40D3-B0E4-4CC5B41BEFDC}.Release|Any CPU.ActiveCfg = Release|x86
		{145EED2B-D9C7-40D3-B0E4-4CC5B41BEFDC}.Release|Mixed Platforms.ActiveCfg = Release|x86
		{145EED2B-D9C7-40D3-B0E4-4CC5B41BEFDC}.Release|Mixed Platforms.Build.0 = Release|x86
		{145EED2B-D9C7-40D3-B0E4-4CC5B41BEFDC}.Release|x86.ActiveCfg = Release|x86
		{145EED2B-D9C7-40D3-B0E4-4CC5B41BEFDC}.Release|x86.Build.0 = Release|x86
		{4295C1B7-D43F-4E38-85AD-33623489FBBE}.Debug|Any CPU.ActiveCfg = Debug|Any CPU
		{4295C1B7-D43F-4E38-85AD-33623489FBBE}.Debug|Any CPU.Build.0 = Debug|Any CPU
		{4295C1B7-D43F-4E38-85AD-33623489FBBE}.Debug|Mixed Platforms.ActiveCfg = Debug|Any CPU
		{4295C1B7-D43F-4E38-85AD-33623489FBBE}.Debug|Mixed Platforms.Build.0 = Debug|Any CPU
		{4295C1B7-D43F-4E38-85AD-33623489FBBE}.Debug|x86.ActiveCfg = Debug|Any CPU
		{4295C1B7-D43F-4E38-85AD-33623489FBBE}.Release|Any CPU.ActiveCfg = Release|Any CPU
		{4295C1B7-D43F-4E38-85AD-33623489FBBE}.Release|Any CPU.Build.0 = Release|Any CPU
		{4295C1B7-D43F-4E38-85AD-33623489FBBE}.Release|Mixed Platforms.ActiveCfg = Release|Any CPU
		{4295C1B7-D43F-4E38-85AD-33623489FBBE}.Release|Mixed Platforms.Build.0 = Release|Any CPU
		{4295C1B7-D43F-4E38-85AD-33623489FBBE}.Release|x86.ActiveCfg = Release|Any CPU
		{BDB1B8F1-DA39-4A15-8054-EAC15D15C12F}.Debug|Any CPU.ActiveCfg = Debug|Any CPU
		{BDB1B8F1-DA39-4A15-8054-EAC15D15C12F}.Debug|Any CPU.Build.0 = Debug|Any CPU
		{BDB1B8F1-DA39-4A15-8054-EAC15D15C12F}.Debug|Mixed Platforms.ActiveCfg = Debug|Any CPU
		{BDB1B8F1-DA39-4A15-8054-EAC15D15C12F}.Debug|Mixed Platforms.Build.0 = Debug|Any CPU
		{BDB1B8F1-DA39-4A15-8054-EAC15D15C12F}.Debug|x86.ActiveCfg = Debug|Any CPU
		{BDB1B8F1-DA39-4A15-8054-EAC15D15C12F}.Release|Any CPU.ActiveCfg = Release|Any CPU
		{BDB1B8F1-DA39-4A15-8054-EAC15D15C12F}.Release|Any CPU.Build.0 = Release|Any CPU
		{BDB1B8F1-DA39-4A15-8054-EAC15D15C12F}.Release|Mixed Platforms.ActiveCfg = Release|Any CPU
		{BDB1B8F1-DA39-4A15-8054-EAC15D15C12F}.Release|Mixed Platforms.Build.0 = Release|Any CPU
		{BDB1B8F1-DA39-4A15-8054-EAC15D15C12F}.Release|x86.ActiveCfg = Release|Any CPU
		{C4C08D53-E605-43AC-AF41-22E2D907613C}.Debug|Any CPU.ActiveCfg = Debug|x86
		{C4C08D53-E605-43AC-AF41-22E2D907613C}.Debug|Mixed Platforms.ActiveCfg = Debug|x86
		{C4C08D53-E605-43AC-AF41-22E2D907613C}.Debug|Mixed Platforms.Build.0 = Debug|x86
		{C4C08D53-E605-43AC-AF41-22E2D907613C}.Debug|x86.ActiveCfg = Debug|x86
		{C4C08D53-E605-43AC-AF41-22E2D907613C}.Debug|x86.Build.0 = Debug|x86
		{C4C08D53-E605-43AC-AF41-22E2D907613C}.Release|Any CPU.ActiveCfg = Release|x86
		{C4C08D53-E605-43AC-AF41-22E2D907613C}.Release|Mixed Platforms.ActiveCfg = Release|x86
		{C4C08D53-E605-43AC-AF41-22E2D907613C}.Release|Mixed Platforms.Build.0 = Release|x86
		{C4C08D53-E605-43AC-AF41-22E2D907613C}.Release|x86.ActiveCfg = Release|x86
		{C4C08D53-E605-43AC-AF41-22E2D907613C}.Release|x86.Build.0 = Release|x86
		{D498E9D2-823E-4082-B1AF-727A0E9DC3D4}.Debug|Any CPU.ActiveCfg = Debug|x86
		{D498E9D2-823E-4082-B1AF-727A0E9DC3D4}.Debug|Mixed Platforms.ActiveCfg = Debug|x86
		{D498E9D2-823E-4082-B1AF-727A0E9DC3D4}.Debug|Mixed Platforms.Build.0 = Debug|x86
		{D498E9D2-823E-4082-B1AF-727A0E9DC3D4}.Debug|x86.ActiveCfg = Debug|x86
		{D498E9D2-823E-4082-B1AF-727A0E9DC3D4}.Debug|x86.Build.0 = Debug|x86
		{D498E9D2-823E-4082-B1AF-727A0E9DC3D4}.Release|Any CPU.ActiveCfg = Release|x86
		{D498E9D2-823E-4082-B1AF-727A0E9DC3D4}.Release|Mixed Platforms.ActiveCfg = Release|x86
		{D498E9D2-823E-4082-B1AF-727A0E9DC3D4}.Release|Mixed Platforms.Build.0 = Release|x86
		{D498E9D2-823E-4082-B1AF-727A0E9DC3D4}.Release|x86.ActiveCfg = Release|x86
		{D498E9D2-823E-4082-B1AF-727A0E9DC3D4}.Release|x86.Build.0 = Release|x86
		{3452C105-45DD-4821-BCDA-E495B7748519}.Debug|Any CPU.ActiveCfg = Debug|Any CPU
		{3452C105-45DD-4821-BCDA-E495B7748519}.Debug|Any CPU.Build.0 = Debug|Any CPU
		{3452C105-45DD-4821-BCDA-E495B7748519}.Debug|Mixed Platforms.ActiveCfg = Debug|Any CPU
		{3452C105-45DD-4821-BCDA-E495B7748519}.Debug|Mixed Platforms.Build.0 = Debug|Any CPU
		{3452C105-45DD-4821-BCDA-E495B7748519}.Debug|x86.ActiveCfg = Debug|Any CPU
		{3452C105-45DD-4821-BCDA-E495B7748519}.Release|Any CPU.ActiveCfg = Release|Any CPU
		{3452C105-45DD-4821-BCDA-E495B7748519}.Release|Any CPU.Build.0 = Release|Any CPU
		{3452C105-45DD-4821-BCDA-E495B7748519}.Release|Mixed Platforms.ActiveCfg = Release|Any CPU
		{3452C105-45DD-4821-BCDA-E495B7748519}.Release|Mixed Platforms.Build.0 = Release|Any CPU
		{3452C105-45DD-4821-BCDA-E495B7748519}.Release|x86.ActiveCfg = Release|Any CPU
		{92EEA60A-F396-4B05-B0CB-54B8BA323CB8}.Debug|Any CPU.ActiveCfg = Debug|x86
		{92EEA60A-F396-4B05-B0CB-54B8BA323CB8}.Debug|Mixed Platforms.ActiveCfg = Debug|x86
		{92EEA60A-F396-4B05-B0CB-54B8BA323CB8}.Debug|Mixed Platforms.Build.0 = Debug|x86
		{92EEA60A-F396-4B05-B0CB-54B8BA323CB8}.Debug|x86.ActiveCfg = Debug|x86
		{92EEA60A-F396-4B05-B0CB-54B8BA323CB8}.Debug|x86.Build.0 = Debug|x86
		{92EEA60A-F396-4B05-B0CB-54B8BA323CB8}.Release|Any CPU.ActiveCfg = Release|x86
		{92EEA60A-F396-4B05-B0CB-54B8BA323CB8}.Release|Mixed Platforms.ActiveCfg = Release|x86
		{92EEA60A-F396-4B05-B0CB-54B8BA323CB8}.Release|Mixed Platforms.Build.0 = Release|x86
		{92EEA60A-F396-4B05-B0CB-54B8BA323CB8}.Release|x86.ActiveCfg = Release|x86
		{92EEA60A-F396-4B05-B0CB-54B8BA323CB8}.Release|x86.Build.0 = Release|x86
	EndGlobalSection
	GlobalSection(SolutionProperties) = preSolution
		HideSolutionNode = FALSE
	EndGlobalSection
	GlobalSection(MonoDevelopProperties) = preSolution
		StartupItem = Asset\Script\Project\UserDefCSharp\UserDefCSharp.csproj
		Policies = $0
		$0.TextStylePolicy = $1
		$1.FileWidth = 120
		$1.TabWidth = 2
		$1.IndentWidth = 2
		$1.inheritsSet = VisualStudio
		$1.inheritsScope = text/plain
		$1.scope = text/x-csharp
		$0.CSharpFormattingPolicy = $2
		$2.inheritsSet = Mono
		$2.inheritsScope = text/x-csharp
		$2.scope = text/x-csharp
		$0.TextStylePolicy = $3
		$3.FileWidth = 120
		$3.TabWidth = 2
		$3.IndentWidth = 2
		$3.inheritsSet = VisualStudio
		$3.inheritsScope = text/plain
		$3.scope = text/plain
	EndGlobalSection
EndGlobal
