
Microsoft Visual Studio Solution File, Format Version 11.00
# Visual Studio 2010
Project("{FAE04EC0-301F-11D3-BF4B-00C04F79EFBC}") = "ProtoSql", "ProtoSql\ProtoSql.csproj", "{9449906A-699B-42BD-BE48-0D6875995CC3}"
EndProject
Global
	GlobalSection(SolutionConfigurationPlatforms) = preSolution
		Debug|x86 = Debug|x86
		Release|x86 = Release|x86
	EndGlobalSection
	GlobalSection(ProjectConfigurationPlatforms) = postSolution
		{9449906A-699B-42BD-BE48-0D6875995CC3}.Debug|x86.ActiveCfg = Debug|x86
		{9449906A-699B-42BD-BE48-0D6875995CC3}.Debug|x86.Build.0 = Debug|x86
		{9449906A-699B-42BD-BE48-0D6875995CC3}.Release|x86.ActiveCfg = Release|x86
		{9449906A-699B-42BD-BE48-0D6875995CC3}.Release|x86.Build.0 = Release|x86
	EndGlobalSection
	GlobalSection(SolutionProperties) = preSolution
		HideSolutionNode = FALSE
	EndGlobalSection
EndGlobal
